
Microsoft Visual Studio Solution File, Format Version 12.00
# Visual Studio Version 16
VisualStudioVersion = 16.0.33214.272
MinimumVisualStudioVersion = 10.0.40219.1
Project("{FAE04EC0-301F-11D3-BF4B-00C04F79EFBC}") = "Task1", "Task1\Task1.csproj", "{224350A4-E9FA-4CB3-991F-4FBB0BFD405A}"
EndProject
Project("{FAE04EC0-301F-11D3-BF4B-00C04F79EFBC}") = "Task2", "Task2\Task2.csproj", "{B655BC3C-A1EF-4D97-8DB8-50B5CD9E5AE7}"
EndProject
Global
	GlobalSection(SolutionConfigurationPlatforms) = preSolution
		Debug|Any CPU = Debug|Any CPU
		Release|Any CPU = Release|Any CPU
	EndGlobalSection
	GlobalSection(ProjectConfigurationPlatforms) = postSolution
		{224350A4-E9FA-4CB3-991F-4FBB0BFD405A}.Debug|Any CPU.ActiveCfg = Debug|Any CPU
		{224350A4-E9FA-4CB3-991F-4FBB0BFD405A}.Debug|Any CPU.Build.0 = Debug|Any CPU
		{224350A4-E9FA-4CB3-991F-4FBB0BFD405A}.Release|Any CPU.ActiveCfg = Release|Any CPU
		{224350A4-E9FA-4CB3-991F-4FBB0BFD405A}.Release|Any CPU.Build.0 = Release|Any CPU
		{B655BC3C-A1EF-4D97-8DB8-50B5CD9E5AE7}.Debug|Any CPU.ActiveCfg = Debug|Any CPU
		{B655BC3C-A1EF-4D97-8DB8-50B5CD9E5AE7}.Debug|Any CPU.Build.0 = Debug|Any CPU
		{B655BC3C-A1EF-4D97-8DB8-50B5CD9E5AE7}.Release|Any CPU.ActiveCfg = Release|Any CPU
		{B655BC3C-A1EF-4D97-8DB8-50B5CD9E5AE7}.Release|Any CPU.Build.0 = Release|Any CPU
	EndGlobalSection
	GlobalSection(SolutionProperties) = preSolution
		HideSolutionNode = FALSE
	EndGlobalSection
	GlobalSection(ExtensibilityGlobals) = postSolution
		SolutionGuid = {741DB32C-7D2F-499C-83BF-D2C07FBAD539}
	EndGlobalSection
EndGlobal
